
Microsoft Visual Studio Solution File, Format Version 12.00
# Visual Studio Version 17
VisualStudioVersion = 17.11.35303.130
MinimumVisualStudioVersion = 10.0.40219.1
Project("{FAE04EC0-301F-11D3-BF4B-00C04F79EFBC}") = "ImageProcessingActivity", "ImageProcessingActivity\ImageProcessingActivity.csproj", "{32D3A562-A05F-401D-8FBA-8269298E1028}"
EndProject
Global
	GlobalSection(SolutionConfigurationPlatforms) = preSolution
		Debug|Any CPU = Debug|Any CPU
		Release|Any CPU = Release|Any CPU
	EndGlobalSection
	GlobalSection(ProjectConfigurationPlatforms) = postSolution
		{32D3A562-A05F-401D-8FBA-8269298E1028}.Debug|Any CPU.ActiveCfg = Debug|Any CPU
		{32D3A562-A05F-401D-8FBA-8269298E1028}.Debug|Any CPU.Build.0 = Debug|Any CPU
		{32D3A562-A05F-401D-8FBA-8269298E1028}.Release|Any CPU.ActiveCfg = Release|Any CPU
		{32D3A562-A05F-401D-8FBA-8269298E1028}.Release|Any CPU.Build.0 = Release|Any CPU
	EndGlobalSection
	GlobalSection(SolutionProperties) = preSolution
		HideSolutionNode = FALSE
	EndGlobalSection
	GlobalSection(ExtensibilityGlobals) = postSolution
		SolutionGuid = {EB717EC3-2881-496D-AC60-40AAAE85C2F8}
	EndGlobalSection
EndGlobal
